PODS:
  - FlutterMacOS (1.0.0)
  - libphonenumber_desktop (0.0.1):
    - FlutterMacOS

DEPENDENCIES:
  - FlutterMacOS (from `Flutter/ephemeral`)
  - libphonenumber_desktop (from `Flutter/ephemeral/.symlinks/plugins/libphonenumber_desktop/macos`)

EXTERNAL SOURCES:
  FlutterMacOS:
    :path: Flutter/ephemeral
  libphonenumber_desktop:
    :path: Flutter/ephemeral/.symlinks/plugins/libphonenumber_desktop/macos

SPEC CHECKSUMS:
  FlutterMacOS: ae6af50a8ea7d6103d888583d46bd8328a7e9811
  libphonenumber_desktop: f3a3e43a1a527fbf046f39de3c136ca44a6a90c5

PODFILE CHECKSUM: 6eac6b3292e5142cfc23bdeb71848a40ec51c14c

COCOAPODS: 1.11.3
